# This file is autogenerated, do not edit; changes may be undone by the next 'dep ensure'.


[[projects]]
  branch = "master"
  digest = "1:1a200e7e73293b75eb8e5c93d023b5472663432da0b663e1532624fcfede9ca8"
  name = "github.com/anmitsu/go-shlex"
  packages = ["."]
  pruneopts = "UT"
  revision = "648efa622239a2f6ff949fed78ee37b48d499ba4"

[[projects]]
  digest = "1:e29335d5a78621ed7a539ed75e10785c3705bb67d916e48b03b1cdf9b727508d"
  name = "github.com/creack/pty"
  packages = ["."]
  pruneopts = "UT"
  revision = "3a6a957789163cacdfe0e291617a1c8e80612c11"
  version = "v1.1.9"

[[projects]]
  digest = "1:0a01355005024757ae2a1f62e8fe68a30b4f5fde7a08ac88b3685e7999ac354b"
  name = "github.com/gliderlabs/ssh"
  packages = ["."]
  pruneopts = "UT"
  revision = "5b6cc7030f17095c0cf23bb063b0bfe824fe5f8b"
  version = "v0.2.2"

[[projects]]
  branch = "master"
  digest = "1:b850f33189449c646a50055e21f927b9fac0e5a3d485aa02f4d2e87296f3c374"
  name = "github.com/hugelgupf/p9"
  packages = [
    "p9",
    "unimplfs",
    "vecnet",
  ]
  pruneopts = "UT"
  revision = "ede262f409e34431adb8bee319b12151a16dce54"

[[projects]]
  digest = "1:3e2fbf3f6d30c4c009be006f9d2a9eaefc804d8f6b991e88cb793b87318cc5bc"
  name = "github.com/kr/pty"
  packages = ["."]
  pruneopts = "UT"
  revision = "24b51915630e1d9d3c6adf15a3a96796bbc3cd43"
  version = "v1.1.8"

[[projects]]
  branch = "master"
  digest = "1:af67a3792b721ac14f261a455794bbbad8f4ef6b020d679e50b67d82e16fe10c"
  name = "github.com/u-root/u-root"
  packages = [
    "pkg/cmdline",
    "pkg/libinit",
    "pkg/termios",
    "pkg/ulog",
    "pkg/upath",
  ]
  pruneopts = "UT"
  revision = "d22874c657509be56f2e2869cfd75a45af09937f"

[[projects]]
  branch = "master"
  digest = "1:2dfbcaf62fe3421451c0bcd551fb8ffa875c2efc0e7cadff6b220bf54b8362b4"
  name = "github.com/vishvananda/netlink"
  packages = [
    ".",
    "nl",
  ]
  pruneopts = "UT"
  revision = "d71301a47b607450337d920f260f3dc76481298e"

[[projects]]
  branch = "master"
  digest = "1:975cb0c04431bf92e60b636a15897c4a3faba9f7dc04da505646630ac91d29d3"
  name = "github.com/vishvananda/netns"
  packages = ["."]
  pruneopts = "UT"
  revision = "0a2b9b5464df8343199164a0321edf3313202f7e"

[[projects]]
  branch = "master"
  digest = "1:c9e0b137902d857921fb87c28039a4af7e587970bd10c4fcec818d1559347d43"
  name = "golang.org/x/crypto"
  packages = [
    "chacha20",
    "curve25519",
    "ed25519",
    "ed25519/internal/edwards25519",
    "internal/subtle",
    "poly1305",
    "ssh",
  ]
  pruneopts = "UT"
  revision = "ac88ee75c92c889b97e05591e9a39b6480c538b3"

[[projects]]
  branch = "master"
  digest = "1:0073b575c4b3b0f6bb93e45d2262ff7dc6eff7a46e08f461f1c92b3c7ec96e67"
  name = "golang.org/x/sys"
  packages = [
    "cpu",
    "unix",
  ]
  pruneopts = "UT"
  revision = "bd437916bb0eb726b873ee8e9b2dcf212d32e2fd"

[solve-meta]
  analyzer-name = "dep"
  analyzer-version = 1
  input-imports = [
    "github.com/gliderlabs/ssh",
    "github.com/hugelgupf/p9/p9",
    "github.com/hugelgupf/p9/unimplfs",
    "github.com/kr/pty",
    "github.com/u-root/u-root/pkg/libinit",
    "github.com/u-root/u-root/pkg/termios",
    "golang.org/x/crypto/ssh",
    "golang.org/x/sys/unix",
  ]
  solver-name = "gps-cdcl"
  solver-version = 1
