# This file is autogenerated, do not edit; changes may be undone by the next 'dep ensure'.


[[projects]]
  branch = "master"
  digest = "1:1a200e7e73293b75eb8e5c93d023b5472663432da0b663e1532624fcfede9ca8"
  name = "github.com/anmitsu/go-shlex"
  packages = ["."]
  pruneopts = "UT"
  revision = "648efa622239a2f6ff949fed78ee37b48d499ba4"

[[projects]]
  digest = "1:e29335d5a78621ed7a539ed75e10785c3705bb67d916e48b03b1cdf9b727508d"
  name = "github.com/creack/pty"
  packages = ["."]
  pruneopts = "UT"
  revision = "3a6a957789163cacdfe0e291617a1c8e80612c11"
  version = "v1.1.9"

[[projects]]
  digest = "1:59032d8e8f5839263dc0242a5fb4dec5d084ff5e3c52d6e28e2528884a993d57"
  name = "github.com/gliderlabs/ssh"
  packages = ["."]
  pruneopts = "UT"
  revision = "cbabf541443203944eeedf87d8bb92e2924170b5"

[[projects]]
  branch = "master"
  digest = "1:e34461a46b8bc0c998db5a86ec8897071317ee54d200a79913c1ecb5364d5821"
  name = "github.com/hugelgupf/p9"
  packages = [
    "p9",
    "unimplfs",
    "vecnet",
  ]
  pruneopts = "UT"
  revision = "a5e7bac5e5553b9b8a4c5ff44df4d8d7313c2cdb"

[[projects]]
  digest = "1:3e2fbf3f6d30c4c009be006f9d2a9eaefc804d8f6b991e88cb793b87318cc5bc"
  name = "github.com/kr/pty"
  packages = ["."]
  pruneopts = "UT"
  revision = "24b51915630e1d9d3c6adf15a3a96796bbc3cd43"
  version = "v1.1.8"

[[projects]]
  digest = "1:6a52db713d4c4e635375f9761ab39f91f976b7e4e0151c867abd8d3d7b58d1f8"
  name = "github.com/u-root/u-root"
  packages = [
    "pkg/cmdline",
    "pkg/termios",
    "pkg/uroot/util",
  ]
  pruneopts = "UT"
  revision = "26a90287872f42e357dc889f6918855fc0fde4dc"
  version = "v6.0.0"

[[projects]]
  branch = "master"
  digest = "1:c9e0b137902d857921fb87c28039a4af7e587970bd10c4fcec818d1559347d43"
  name = "golang.org/x/crypto"
  packages = [
    "chacha20",
    "curve25519",
    "ed25519",
    "ed25519/internal/edwards25519",
    "internal/subtle",
    "poly1305",
    "ssh",
  ]
  pruneopts = "UT"
  revision = "e1110fd1c708ef015366ea01799a23c459593c47"

[[projects]]
  branch = "master"
  digest = "1:2a7bb603cdfc77afb007e411395d21947ac9e8f9cc220ca0f6883027402bbdc3"
  name = "golang.org/x/sys"
  packages = [
    "cpu",
    "unix",
  ]
  pruneopts = "UT"
  revision = "4c7a9d0fe056d9d1de37e1409ca8a5c17accb46a"

[solve-meta]
  analyzer-name = "dep"
  analyzer-version = 1
  input-imports = [
    "github.com/gliderlabs/ssh",
    "github.com/hugelgupf/p9/p9",
    "github.com/hugelgupf/p9/unimplfs",
    "github.com/kr/pty",
    "github.com/u-root/u-root/pkg/termios",
    "github.com/u-root/u-root/pkg/uroot/util",
    "golang.org/x/crypto/ssh",
    "golang.org/x/sys/unix",
  ]
  solver-name = "gps-cdcl"
  solver-version = 1
