# This file is autogenerated, do not edit; changes may be undone by the next 'dep ensure'.


[[projects]]
  branch = "master"
  digest = "1:b0a8a228414ba1996bf55f5e66076aa08d0128bd2f6ee1c6dff5d297ee9f0d66"
  name = "github.com/anmitsu/go-shlex"
  packages = ["."]
  pruneopts = "UT"
  revision = "38f4b401e2be5955e3e00b843d96e3c406f5094d"

[[projects]]
  digest = "1:376409c05d9e563e19815109c2b13776eb4e2529cbb006bae2d32a99877a6839"
  name = "github.com/creack/pty"
  packages = ["."]
  pruneopts = "UT"
  revision = "2a38352e8b4d7ab6c336eef107e42a55e72e7fbc"
  version = "v1.1.11"

[[projects]]
  digest = "1:0a01355005024757ae2a1f62e8fe68a30b4f5fde7a08ac88b3685e7999ac354b"
  name = "github.com/gliderlabs/ssh"
  packages = ["."]
  pruneopts = "UT"
  revision = "5b6cc7030f17095c0cf23bb063b0bfe824fe5f8b"
  version = "v0.2.2"

[[projects]]
  digest = "1:34fc73f06f892d481aab0821dddfe06fd8ad947fada1c468991d413b6170caa5"
  name = "github.com/hugelgupf/p9"
  packages = [
    "fsimpl/templatefs",
    "internal",
    "internal/linux",
    "p9",
    "vecnet",
  ]
  pruneopts = "UT"
  revision = "7cc848b3cdfd46f1a2d5ffcfbd0e790fd869614f"
  version = "v0.1.0"

[[projects]]
  digest = "1:3e2fbf3f6d30c4c009be006f9d2a9eaefc804d8f6b991e88cb793b87318cc5bc"
  name = "github.com/kr/pty"
  packages = ["."]
  pruneopts = "UT"
  revision = "24b51915630e1d9d3c6adf15a3a96796bbc3cd43"
  version = "v1.1.8"

[[projects]]
  branch = "master"
  digest = "1:34a34944fc8c3a0785ea775b227b588318062deeef6d9ee935c10614006a2a7f"
  name = "github.com/u-root/u-root"
  packages = [
    "pkg/cmdline",
    "pkg/libinit",
    "pkg/shlex",
    "pkg/termios",
    "pkg/ulog",
    "pkg/upath",
  ]
  pruneopts = "UT"
  revision = "35b36569855114955a239bfd7a321485597e5a31"

[[projects]]
  digest = "1:1314b5ef1c0b25257ea02e454291bf042478a48407cfe3ffea7e20323bbf5fdf"
  name = "github.com/vishvananda/netlink"
  packages = [
    ".",
    "nl",
  ]
  pruneopts = "UT"
  revision = "f049be6f391489d3f374498fe0c8df8449258372"
  version = "v1.1.0"

[[projects]]
  branch = "master"
  digest = "1:f4426574338c0a0518623550d8c06355cbec9ba21ea5a6187b818aa3d3ed3b47"
  name = "github.com/vishvananda/netns"
  packages = ["."]
  pruneopts = "UT"
  revision = "db3c7e526aae966c4ccfa6c8189b693d6ac5d202"

[[projects]]
  branch = "master"
  digest = "1:8b5cc33ecfc0bd0cba9f1a10ee26ee5787ced684fb3ee61a522622b4cef89eed"
  name = "golang.org/x/crypto"
  packages = [
    "blowfish",
    "chacha20",
    "curve25519",
    "ed25519",
    "ed25519/internal/edwards25519",
    "internal/subtle",
    "poly1305",
    "ssh",
    "ssh/internal/bcrypt_pbkdf",
  ]
  pruneopts = "UT"
  revision = "84dcc777aaee85807c99afb056f496a3a8b3d8de"

[[projects]]
  branch = "master"
  digest = "1:1dd654b2333df351d643910dd8d03bfc96172d7556b4e31742962a0a836763ca"
  name = "golang.org/x/sys"
  packages = [
    "cpu",
    "internal/unsafeheader",
    "unix",
  ]
  pruneopts = "UT"
  revision = "e3ed0017c21142d3345308d92dcc7ad7020040c6"

[solve-meta]
  analyzer-name = "dep"
  analyzer-version = 1
  input-imports = [
    "github.com/gliderlabs/ssh",
    "github.com/hugelgupf/p9/fsimpl/templatefs",
    "github.com/hugelgupf/p9/p9",
    "github.com/kr/pty",
    "github.com/u-root/u-root/pkg/libinit",
    "github.com/u-root/u-root/pkg/termios",
    "golang.org/x/crypto/ssh",
    "golang.org/x/sys/unix",
  ]
  solver-name = "gps-cdcl"
  solver-version = 1
